
Microsoft Visual Studio Solution File, Format Version 12.00
# Visual Studio Version 17
VisualStudioVersion = 17.2.32526.322
MinimumVisualStudioVersion = 10.0.40219.1
Project("{9A19103F-16F7-4668-BE54-9A1E7A4F7556}") = "identity_server", "identity_server\identity_server.csproj", "{44B977E9-598E-46E7-A10E-4EBEDB7265AD}"
EndProject
Global
	GlobalSection(SolutionConfigurationPlatforms) = preSolution
		Debug|Any CPU = Debug|Any CPU
		Release|Any CPU = Release|Any CPU
	EndGlobalSection
	GlobalSection(ProjectConfigurationPlatforms) = postSolution
		{44B977E9-598E-46E7-A10E-4EBEDB7265AD}.Debug|Any CPU.ActiveCfg = Debug|Any CPU
		{44B977E9-598E-46E7-A10E-4EBEDB7265AD}.Debug|Any CPU.Build.0 = Debug|Any CPU
		{44B977E9-598E-46E7-A10E-4EBEDB7265AD}.Release|Any CPU.ActiveCfg = Release|Any CPU
		{44B977E9-598E-46E7-A10E-4EBEDB7265AD}.Release|Any CPU.Build.0 = Release|Any CPU
	EndGlobalSection
	GlobalSection(SolutionProperties) = preSolution
		HideSolutionNode = FALSE
	EndGlobalSection
	GlobalSection(ExtensibilityGlobals) = postSolution
		SolutionGuid = {57A89DCE-DB01-40A9-A954-55D78849AAAD}
	EndGlobalSection
EndGlobal
